<?xml version="1.0" encoding="utf-8"?>
<Project ToolsVersion="4.0" xmlns="http://schemas.microsoft.com/developer/msbuild/2003">
  <ItemGroup>
    <ClCompile Include="directxtest.cpp" />
    <ClCompile Include="process.cpp" />
  </ItemGroup>
  <ItemGroup>
    <Filter Include="Common">
      <UniqueIdentifier>{68bbfa8f-3074-4868-a0ec-2b0455ab41ab}</UniqueIdentifier>
    </Filter>
  </ItemGroup>
  <ItemGroup>
    <ClInclude Include="..\common\directxtest.h">
      <Filter>Common</Filter>
    </ClInclude>
    <ClInclude Include="..\common\TestGeometry.h">
      <Filter>Common</Filter>
    </ClInclude>
    <ClInclude Include="..\common\TestHelpers.h">
      <Filter>Common</Filter>
    </ClInclude>
    <ClInclude Include="..\common\TestInputLayouts.h">
      <Filter>Common</Filter>
    </ClInclude>
    <ClInclude Include="..\..\Utilities\WaveFrontReader.h">
      <Filter>Common</Filter>
    </ClInclude>
  </ItemGroup>
</Project>