<?xml version="1.0" encoding="utf-8"?>
<Project ToolsVersion="4.0" xmlns="http://schemas.microsoft.com/developer/msbuild/2003">
  <ItemGroup>
    <ClCompile Include="adjacency.cpp" />
    <ClCompile Include="clean.cpp" />
    <ClCompile Include="directxtest.cpp" />
    <ClCompile Include="normals.cpp" />
    <ClCompile Include="optimize.cpp" />
    <ClCompile Include="remap.cpp" />
    <ClCompile Include="tangentframe.cpp" />
    <ClCompile Include="utils.cpp" />
    <ClCompile Include="valid.cpp" />
    <ClCompile Include="weld.cpp" />
    <ClCompile Include="meshlets.cpp" />
  </ItemGroup>
  <ItemGroup>
    <Filter Include="Common">
      <UniqueIdentifier>{f8eb6a02-4022-47b9-b1a6-195ac7f623a0}</UniqueIdentifier>
    </Filter>
  </ItemGroup>
  <ItemGroup>
    <ClInclude Include="..\common\directxtest.h">
      <Filter>Common</Filter>
    </ClInclude>
    <ClInclude Include="..\common\ShapesGenerator.h">
      <Filter>Common</Filter>
    </ClInclude>
    <ClInclude Include="..\common\TestGeometry.h">
      <Filter>Common</Filter>
    </ClInclude>
    <ClInclude Include="..\common\TestHelpers.h">
      <Filter>Common</Filter>
    </ClInclude>
    <ClInclude Include="..\common\TestInputLayouts.h">
      <Filter>Common</Filter>
    </ClInclude>
    <ClInclude Include="..\..\Utilities\WaveFrontReader.h">
      <Filter>Common</Filter>
    </ClInclude>
  </ItemGroup>
</Project>